
Microsoft Visual Studio Solution File, Format Version 12.00
# Visual Studio Version 17
VisualStudioVersion = 17.14.36705.20 d17.14
MinimumVisualStudioVersion = 10.0.40219.1
Project("{FAE04EC0-301F-11D3-BF4B-00C04F79EFBC}") = "MauiApp1", "MauiApp1\MauiApp1.csproj", "{A1996F20-99F0-4036-971D-8AE8B766937A}"
EndProject
Global
	GlobalSection(SolutionConfigurationPlatforms) = preSolution
		Debug|Any CPU = Debug|Any CPU
		Release|Any CPU = Release|Any CPU
	EndGlobalSection
	GlobalSection(ProjectConfigurationPlatforms) = postSolution
		{A1996F20-99F0-4036-971D-8AE8B766937A}.Debug|Any CPU.ActiveCfg = Debug|Any CPU
		{A1996F20-99F0-4036-971D-8AE8B766937A}.Debug|Any CPU.Build.0 = Debug|Any CPU
		{A1996F20-99F0-4036-971D-8AE8B766937A}.Release|Any CPU.ActiveCfg = Release|Any CPU
		{A1996F20-99F0-4036-971D-8AE8B766937A}.Release|Any CPU.Build.0 = Release|Any CPU
	EndGlobalSection
	GlobalSection(SolutionProperties) = preSolution
		HideSolutionNode = FALSE
	EndGlobalSection
	GlobalSection(ExtensibilityGlobals) = postSolution
		SolutionGuid = {4DBE515D-E8B9-4E31-8614-3858A5E6BF53}
	EndGlobalSection
EndGlobal
